
Microsoft Visual Studio Solution File, Format Version 12.00
# Visual Studio 15
VisualStudioVersion = 15.0.28307.1525
MinimumVisualStudioVersion = 10.0.40219.1
Project("{FAE04EC0-301F-11D3-BF4B-00C04F79EFBC}") = "CT30K", "CT30K\CT30K.csproj", "{31131EEA-FCD7-426B-AA5A-F4D32B15BE36}"
EndProject
Project("{FAE04EC0-301F-11D3-BF4B-00C04F79EFBC}") = "CT30K.Common", "CT30K.Common\CT30K.Common.csproj", "{A2FF570A-C1D7-4C4F-A72C-5CECC1E0147A}"
EndProject
Project("{FAE04EC0-301F-11D3-BF4B-00C04F79EFBC}") = "CTAPI", "CTAPI\CTAPI.csproj", "{3CAA68FF-C310-4486-9F49-49C44DDD2C89}"
EndProject
Project("{FAE04EC0-301F-11D3-BF4B-00C04F79EFBC}") = "SeqComm", "SeqComm\SeqComm\SeqComm.csproj", "{15884894-9B61-48DF-A1DF-D03D3C02DFF6}"
EndProject
Project("{FAE04EC0-301F-11D3-BF4B-00C04F79EFBC}") = "TransImage", "TransImage\TransImage.csproj", "{6F18A15B-1E5C-4A18-A96F-C2C18A00289F}"
EndProject
Project("{FAE04EC0-301F-11D3-BF4B-00C04F79EFBC}") = "XrayCtrl", "XrayCtrl\XrayCtrl\XrayCtrl.csproj", "{9125678B-377E-4FCD-8A00-F260D9E46CAB}"
EndProject
Global
	GlobalSection(SolutionConfigurationPlatforms) = preSolution
		Debug|Any CPU = Debug|Any CPU
		Debug|x64 = Debug|x64
		Debug|x86 = Debug|x86
		Release|Any CPU = Release|Any CPU
		Release|x64 = Release|x64
		Release|x86 = Release|x86
	EndGlobalSection
	GlobalSection(ProjectConfigurationPlatforms) = postSolution
		{31131EEA-FCD7-426B-AA5A-F4D32B15BE36}.Debug|Any CPU.ActiveCfg = Debug|Any CPU
		{31131EEA-FCD7-426B-AA5A-F4D32B15BE36}.Debug|Any CPU.Build.0 = Debug|Any CPU
		{31131EEA-FCD7-426B-AA5A-F4D32B15BE36}.Debug|x64.ActiveCfg = Debug|x64
		{31131EEA-FCD7-426B-AA5A-F4D32B15BE36}.Debug|x64.Build.0 = Debug|x64
		{31131EEA-FCD7-426B-AA5A-F4D32B15BE36}.Debug|x86.ActiveCfg = Debug|x86
		{31131EEA-FCD7-426B-AA5A-F4D32B15BE36}.Debug|x86.Build.0 = Debug|x86
		{31131EEA-FCD7-426B-AA5A-F4D32B15BE36}.Release|Any CPU.ActiveCfg = Release|Any CPU
		{31131EEA-FCD7-426B-AA5A-F4D32B15BE36}.Release|Any CPU.Build.0 = Release|Any CPU
		{31131EEA-FCD7-426B-AA5A-F4D32B15BE36}.Release|x64.ActiveCfg = Release|x64
		{31131EEA-FCD7-426B-AA5A-F4D32B15BE36}.Release|x64.Build.0 = Release|x64
		{31131EEA-FCD7-426B-AA5A-F4D32B15BE36}.Release|x86.ActiveCfg = Release|x86
		{31131EEA-FCD7-426B-AA5A-F4D32B15BE36}.Release|x86.Build.0 = Release|x86
		{A2FF570A-C1D7-4C4F-A72C-5CECC1E0147A}.Debug|Any CPU.ActiveCfg = Debug|Any CPU
		{A2FF570A-C1D7-4C4F-A72C-5CECC1E0147A}.Debug|Any CPU.Build.0 = Debug|Any CPU
		{A2FF570A-C1D7-4C4F-A72C-5CECC1E0147A}.Debug|x64.ActiveCfg = Debug|x64
		{A2FF570A-C1D7-4C4F-A72C-5CECC1E0147A}.Debug|x64.Build.0 = Debug|x64
		{A2FF570A-C1D7-4C4F-A72C-5CECC1E0147A}.Debug|x86.ActiveCfg = Debug|x86
		{A2FF570A-C1D7-4C4F-A72C-5CECC1E0147A}.Debug|x86.Build.0 = Debug|x86
		{A2FF570A-C1D7-4C4F-A72C-5CECC1E0147A}.Release|Any CPU.ActiveCfg = Release|Any CPU
		{A2FF570A-C1D7-4C4F-A72C-5CECC1E0147A}.Release|Any CPU.Build.0 = Release|Any CPU
		{A2FF570A-C1D7-4C4F-A72C-5CECC1E0147A}.Release|x64.ActiveCfg = Release|x64
		{A2FF570A-C1D7-4C4F-A72C-5CECC1E0147A}.Release|x64.Build.0 = Release|x64
		{A2FF570A-C1D7-4C4F-A72C-5CECC1E0147A}.Release|x86.ActiveCfg = Release|x86
		{A2FF570A-C1D7-4C4F-A72C-5CECC1E0147A}.Release|x86.Build.0 = Release|x86
		{3CAA68FF-C310-4486-9F49-49C44DDD2C89}.Debug|Any CPU.ActiveCfg = Debug|Any CPU
		{3CAA68FF-C310-4486-9F49-49C44DDD2C89}.Debug|Any CPU.Build.0 = Debug|Any CPU
		{3CAA68FF-C310-4486-9F49-49C44DDD2C89}.Debug|x64.ActiveCfg = Debug|x64
		{3CAA68FF-C310-4486-9F49-49C44DDD2C89}.Debug|x64.Build.0 = Debug|x64
		{3CAA68FF-C310-4486-9F49-49C44DDD2C89}.Debug|x86.ActiveCfg = Debug|x86
		{3CAA68FF-C310-4486-9F49-49C44DDD2C89}.Debug|x86.Build.0 = Debug|x86
		{3CAA68FF-C310-4486-9F49-49C44DDD2C89}.Release|Any CPU.ActiveCfg = Release|Any CPU
		{3CAA68FF-C310-4486-9F49-49C44DDD2C89}.Release|Any CPU.Build.0 = Release|Any CPU
		{3CAA68FF-C310-4486-9F49-49C44DDD2C89}.Release|x64.ActiveCfg = Release|x64
		{3CAA68FF-C310-4486-9F49-49C44DDD2C89}.Release|x64.Build.0 = Release|x64
		{3CAA68FF-C310-4486-9F49-49C44DDD2C89}.Release|x86.ActiveCfg = Release|x86
		{3CAA68FF-C310-4486-9F49-49C44DDD2C89}.Release|x86.Build.0 = Release|x86
		{15884894-9B61-48DF-A1DF-D03D3C02DFF6}.Debug|Any CPU.ActiveCfg = Debug|Any CPU
		{15884894-9B61-48DF-A1DF-D03D3C02DFF6}.Debug|Any CPU.Build.0 = Debug|Any CPU
		{15884894-9B61-48DF-A1DF-D03D3C02DFF6}.Debug|x64.ActiveCfg = Debug|Any CPU
		{15884894-9B61-48DF-A1DF-D03D3C02DFF6}.Debug|x64.Build.0 = Debug|Any CPU
		{15884894-9B61-48DF-A1DF-D03D3C02DFF6}.Debug|x86.ActiveCfg = Debug|Any CPU
		{15884894-9B61-48DF-A1DF-D03D3C02DFF6}.Debug|x86.Build.0 = Debug|Any CPU
		{15884894-9B61-48DF-A1DF-D03D3C02DFF6}.Release|Any CPU.ActiveCfg = Release|Any CPU
		{15884894-9B61-48DF-A1DF-D03D3C02DFF6}.Release|Any CPU.Build.0 = Release|Any CPU
		{15884894-9B61-48DF-A1DF-D03D3C02DFF6}.Release|x64.ActiveCfg = Release|Any CPU
		{15884894-9B61-48DF-A1DF-D03D3C02DFF6}.Release|x64.Build.0 = Release|Any CPU
		{15884894-9B61-48DF-A1DF-D03D3C02DFF6}.Release|x86.ActiveCfg = Release|Any CPU
		{15884894-9B61-48DF-A1DF-D03D3C02DFF6}.Release|x86.Build.0 = Release|Any CPU
		{6F18A15B-1E5C-4A18-A96F-C2C18A00289F}.Debug|Any CPU.ActiveCfg = Debug|Any CPU
		{6F18A15B-1E5C-4A18-A96F-C2C18A00289F}.Debug|Any CPU.Build.0 = Debug|Any CPU
		{6F18A15B-1E5C-4A18-A96F-C2C18A00289F}.Debug|x64.ActiveCfg = Debug|x64
		{6F18A15B-1E5C-4A18-A96F-C2C18A00289F}.Debug|x64.Build.0 = Debug|x64
		{6F18A15B-1E5C-4A18-A96F-C2C18A00289F}.Debug|x86.ActiveCfg = Debug|x86
		{6F18A15B-1E5C-4A18-A96F-C2C18A00289F}.Debug|x86.Build.0 = Debug|x86
		{6F18A15B-1E5C-4A18-A96F-C2C18A00289F}.Release|Any CPU.ActiveCfg = Release|Any CPU
		{6F18A15B-1E5C-4A18-A96F-C2C18A00289F}.Release|Any CPU.Build.0 = Release|Any CPU
		{6F18A15B-1E5C-4A18-A96F-C2C18A00289F}.Release|x64.ActiveCfg = Release|x64
		{6F18A15B-1E5C-4A18-A96F-C2C18A00289F}.Release|x64.Build.0 = Release|x64
		{6F18A15B-1E5C-4A18-A96F-C2C18A00289F}.Release|x86.ActiveCfg = Release|x86
		{6F18A15B-1E5C-4A18-A96F-C2C18A00289F}.Release|x86.Build.0 = Release|x86
		{9125678B-377E-4FCD-8A00-F260D9E46CAB}.Debug|Any CPU.ActiveCfg = Debug|Any CPU
		{9125678B-377E-4FCD-8A00-F260D9E46CAB}.Debug|Any CPU.Build.0 = Debug|Any CPU
		{9125678B-377E-4FCD-8A00-F260D9E46CAB}.Debug|x64.ActiveCfg = Debug|x64
		{9125678B-377E-4FCD-8A00-F260D9E46CAB}.Debug|x64.Build.0 = Debug|x64
		{9125678B-377E-4FCD-8A00-F260D9E46CAB}.Debug|x86.ActiveCfg = Debug|Any CPU
		{9125678B-377E-4FCD-8A00-F260D9E46CAB}.Debug|x86.Build.0 = Debug|Any CPU
		{9125678B-377E-4FCD-8A00-F260D9E46CAB}.Release|Any CPU.ActiveCfg = Release|Any CPU
		{9125678B-377E-4FCD-8A00-F260D9E46CAB}.Release|Any CPU.Build.0 = Release|Any CPU
		{9125678B-377E-4FCD-8A00-F260D9E46CAB}.Release|x64.ActiveCfg = Release|x64
		{9125678B-377E-4FCD-8A00-F260D9E46CAB}.Release|x64.Build.0 = Release|x64
		{9125678B-377E-4FCD-8A00-F260D9E46CAB}.Release|x86.ActiveCfg = Release|Any CPU
		{9125678B-377E-4FCD-8A00-F260D9E46CAB}.Release|x86.Build.0 = Release|Any CPU
	EndGlobalSection
	GlobalSection(SolutionProperties) = preSolution
		HideSolutionNode = FALSE
	EndGlobalSection
	GlobalSection(ExtensibilityGlobals) = postSolution
		SolutionGuid = {CAC1A926-3ED5-4491-9456-BBB358B3FAC1}
	EndGlobalSection
EndGlobal
